
Microsoft Visual Studio Solution File, Format Version 12.00
# Visual Studio Version 17
VisualStudioVersion = 17.11.35222.181
MinimumVisualStudioVersion = 10.0.40219.1
Project("{FAE04EC0-301F-11D3-BF4B-00C04F79EFBC}") = "RoutingExampleW2025A", "RoutingExampleW2025A\RoutingExampleW2025A.csproj", "{259501D7-0A8B-462B-8771-64BF2B6921FF}"
EndProject
Global
	GlobalSection(SolutionConfigurationPlatforms) = preSolution
		Debug|Any CPU = Debug|Any CPU
		Release|Any CPU = Release|Any CPU
	EndGlobalSection
	GlobalSection(ProjectConfigurationPlatforms) = postSolution
		{259501D7-0A8B-462B-8771-64BF2B6921FF}.Debug|Any CPU.ActiveCfg = Debug|Any CPU
		{259501D7-0A8B-462B-8771-64BF2B6921FF}.Debug|Any CPU.Build.0 = Debug|Any CPU
		{259501D7-0A8B-462B-8771-64BF2B6921FF}.Release|Any CPU.ActiveCfg = Release|Any CPU
		{259501D7-0A8B-462B-8771-64BF2B6921FF}.Release|Any CPU.Build.0 = Release|Any CPU
	EndGlobalSection
	GlobalSection(SolutionProperties) = preSolution
		HideSolutionNode = FALSE
	EndGlobalSection
	GlobalSection(ExtensibilityGlobals) = postSolution
		SolutionGuid = {E0EDC750-87F0-4051-B60A-386969235984}
	EndGlobalSection
EndGlobal
